// !$*UTF8*$!
{
	archiveVersion = 1;
	classes = {
	};
	objectVersion = 50;
	objects = {

/* Begin PBXBuildFile section */
		F4710E9F2396F71C00C9E5BC /* AppDelegate.swift in Sources */ = {isa = PBXBuildFile; fileRef = F4710E9E2396F71C00C9E5BC /* AppDelegate.swift */; };
		F4710EA12396F71C00C9E5BC /* SceneDelegate.swift in Sources */ = {isa = PBXBuildFile; fileRef = F4710EA02396F71C00C9E5BC /* SceneDelegate.swift */; };
		F4710EA32396F71C00C9E5BC /* ViewController.swift in Sources */ = {isa = PBXBuildFile; fileRef = F4710EA22396F71C00C9E5BC /* ViewController.swift */; };
		F4710EA62396F71C00C9E5BC /* Main.storyboard in Resources */ = {isa = PBXBuildFile; fileRef = F4710EA42396F71C00C9E5BC /* Main.storyboard */; };
		F4710EA82396F72000C9E5BC /* Assets.xcassets in Resources */ = {isa = PBXBuildFile; fileRef = F4710EA72396F72000C9E5BC /* Assets.xcassets */; };
		F4710EAB2396F72000C9E5BC /* LaunchScreen.storyboard in Resources */ = {isa = PBXBuildFile; fileRef = F4710EA92396F72000C9E5BC /* LaunchScreen.storyboard */; };
/* End PBXBuildFile section */

/* Begin PBXFileReference section */
		F4710E9B2396F71C00C9E5BC /* multiple Choice.app */ = {isa = PBXFileReference; explicitFileType = wrapper.application; includeInIndex = 0; path = "multiple Choice.app"; sourceTree = BUILT_PRODUCTS_DIR; };
		F4710E9E2396F71C00C9E5BC /* AppDelegate.swift */ = {isa = PBXFileReference; lastKnownFileType = sourcecode.swift; path = AppDelegate.swift; sourceTree = "<group>"; };
		F4710EA02396F71C00C9E5BC /* SceneDelegate.swift */ = {isa = PBXFileReference; lastKnownFileType = sourcecode.swift; path = SceneDelegate.swift; sourceTree = "<group>"; };
		F4710EA22396F71C00C9E5BC /* ViewController.swift */ = {isa = PBXFileReference; lastKnownFileType = sourcecode.swift; path = ViewController.swift; sourceTree = "<group>"; };
		F4710EA52396F71C00C9E5BC /* Base */ = {isa = PBXFileReference; lastKnownFileType = file.storyboard; name = Base; path = Base.lproj/Main.storyboard; sourceTree = "<group>"; };
		F4710EA72396F72000C9E5BC /* Assets.xcassets */ = {isa = PBXFileReference; lastKnownFileType = folder.assetcatalog; path = Assets.xcassets; sourceTree = "<group>"; };
		F4710EAA2396F72000C9E5BC /* Base */ = {isa = PBXFileReference; lastKnownFileType = file.storyboard; name = Base; path = Base.lproj/LaunchScreen.storyboard; sourceTree = "<group>"; };
		F4710EAC2396F72000C9E5BC /* Info.plist */ = {isa = PBXFileReference; lastKnownFileType = text.plist.xml; path = Info.plist; sourceTree = "<group>"; };
/* End PBXFileReference section */

/* Begin PBXFrameworksBuildPhase section */
		F4710E982396F71C00C9E5BC /* Frameworks */ = {
			isa = PBXFrameworksBuildPhase;
			buildActionMask = 2147483647;
			files = (
			);
			runOnlyForDeploymentPostprocessing = 0;
		};
/* End PBXFrameworksBuildPhase section */

/* Begin PBXGroup section */
		F4710E922396F71C00C9E5BC = {
			isa = PBXGroup;
			children = (
				F4710E9D2396F71C00C9E5BC /* multiple Choice */,
				F4710E9C2396F71C00C9E5BC /* Products */,
			);
			sourceTree = "<group>";
		};
		F4710E9C2396F71C00C9E5BC /* Products */ = {
			isa = PBXGroup;
			children = (
				F4710E9B2396F71C00C9E5BC /* multiple Choice.app */,
			);
			name = Products;
			sourceTree = "<group>";
		};
		F4710E9D2396F71C00C9E5BC /* multiple Choice */ = {
			isa = PBXGroup;
			children = (
				F4710E9E2396F71C00C9E5BC /* AppDelegate.swift */,
				F4710EA02396F71C00C9E5BC /* SceneDelegate.swift */,
				F4710EA22396F71C00C9E5BC /* ViewController.swift */,
				F4710EA42396F71C00C9E5BC /* Main.storyboard */,
				F4710EA72396F72000C9E5BC /* Assets.xcassets */,
				F4710EA92396F72000C9E5BC /* LaunchScreen.storyboard */,
				F4710EAC2396F72000C9E5BC /* Info.plist */,
			);
			path = "multiple Choice";
			sourceTree = "<group>";
		};
/* End PBXGroup section */

/* Begin PBXNativeTarget section */
		F4710E9A2396F71C00C9E5BC /* multiple Choice */ = {
			isa = PBXNativeTarget;
			buildConfigurationList = F4710EAF2396F72000C9E5BC /* Build configuration list for PBXNativeTarget "multiple Choice" */;
			buildPhases = (
				F4710E972396F71C00C9E5BC /* Sources */,
				F4710E982396F71C00C9E5BC /* Frameworks */,
				F4710E992396F71C00C9E5BC /* Resources */,
			);
			buildRules = (
			);
			dependencies = (
			);
			name = "multiple Choice";
			productName = "multiple Choice";
			productReference = F4710E9B2396F71C00C9E5BC /* multiple Choice.app */;
			productType = "com.apple.product-type.application";
		};
/* End PBXNativeTarget section */

/* Begin PBXProject section */
		F4710E932396F71C00C9E5BC /* Project object */ = {
			isa = PBXProject;
			attributes = {
				LastSwiftUpdateCheck = 1120;
				LastUpgradeCheck = 1120;
				ORGANIZATIONNAME = "Jesse Zhang";
				TargetAttributes = {
					F4710E9A2396F71C00C9E5BC = {
						CreatedOnToolsVersion = 11.2.1;
					};
				};
			};
			buildConfigurationList = F4710E962396F71C00C9E5BC /* Build configuration list for PBXProject "multiple Choice" */;
			compatibilityVersion = "Xcode 9.3";
			developmentRegion = en;
			hasScannedForEncodings = 0;
			knownRegions = (
				en,
				Base,
			);
			mainGroup = F4710E922396F71C00C9E5BC;
			productRefGroup = F4710E9C2396F71C00C9E5BC /* Products */;
			projectDirPath = "";
			projectRoot = "";
			targets = (
				F4710E9A2396F71C00C9E5BC /* multiple Choice */,
			);
		};
/* End PBXProject section */

/* Begin PBXResourcesBuildPhase section */
		F4710E992396F71C00C9E5BC /* Resources */ = {
			isa = PBXResourcesBuildPhase;
			buildActionMask = 2147483647;
			files = (
				F4710EAB2396F72000C9E5BC /* LaunchScreen.storyboard in Resources */,
				F4710EA82396F72000C9E5BC /* Assets.xcassets in Resources */,
				F4710EA62396F71C00C9E5BC /* Main.storyboard in Resources */,
			);
			runOnlyForDeploymentPostprocessing = 0;
		};
/* End PBXResourcesBuildPhase section */

/* Begin PBXSourcesBuildPhase section */
		F4710E972396F71C00C9E5BC /* Sources */ = {
			isa = PBXSourcesBuildPhase;
			buildActionMask = 2147483647;
			files = (
				F4710EA32396F71C00C9E5BC /* ViewController.swift in Sources */,
				F4710E9F2396F71C00C9E5BC /* AppDelegate.swift in Sources */,
				F4710EA12396F71C00C9E5BC /* SceneDelegate.swift in Sources */,
			);
			runOnlyForDeploymentPostprocessing = 0;
		};
/* End PBXSourcesBuildPhase section */

/* Begin PBXVariantGroup section */
		F4710EA42396F71C00C9E5BC /* Main.storyboard */ = {
			isa = PBXVariantGroup;
			children = (
				F4710EA52396F71C00C9E5BC /* Base */,
			);
			name = Main.storyboard;
			sourceTree = "<group>";
		};
		F4710EA92396F72000C9E5BC /* LaunchScreen.storyboard */ = {
			isa = PBXVariantGroup;
			children = (
				F4710EAA2396F72000C9E5BC /* Base */,
			);
			name = LaunchScreen.storyboard;
			sourceTree = "<group>";
		};
/* End PBXVariantGroup section */

/* Begin XCBuildConfiguration section */
		F4710EAD2396F72000C9E5BC /* Debug */ = {
			isa = XCBuildConfiguration;
			buildSettings = {
				ALWAYS_SEARCH_USER_PATHS = NO;
				CLANG_ANALYZER_NONNULL = YES;
				CLANG_ANALYZER_NUMBER_OBJECT_CONVERSION = YES_AGGRESSIVE;
				CLANG_CXX_LANGUAGE_STANDARD = "gnu++14";
				CLANG_CXX_LIBRARY = "libc++";
				CLANG_ENABLE_MODULES = YES;
				CLANG_ENABLE_OBJC_ARC = YES;
				CLANG_ENABLE_OBJC_WEAK = YES;
				CLANG_WARN_BLOCK_CAPTURE_AUTORELEASING = YES;
				CLANG_WARN_BOOL_CONVERSION = YES;
				CLANG_WARN_COMMA = YES;
				CLANG_WARN_CONSTANT_CONVERSION = YES;
				CLANG_WARN_DEPRECATED_OBJC_IMPLEMENTATIONS = YES;
				CLANG_WARN_DIRECT_OBJC_ISA_USAGE = YES_ERROR;
				CLANG_WARN_DOCUMENTATION_COMMENTS = YES;
				CLANG_WARN_EMPTY_BODY = YES;
				CLANG_WARN_ENUM_CONVERSION = YES;
				CLANG_WARN_INFINITE_RECURSION = YES;
				CLANG_WARN_INT_CONVERSION = YES;
				CLANG_WARN_NON_LITERAL_NULL_CONVERSION = YES;
				CLANG_WARN_OBJC_IMPLICIT_RETAIN_SELF = YES;
				CLANG_WARN_OBJC_LITERAL_CONVERSION = YES;
				CLANG_WARN_OBJC_ROOT_CLASS = YES_ERROR;
				CLANG_WARN_RANGE_LOOP_ANALYSIS = YES;
				CLANG_WARN_STRICT_PROTOTYPES = YES;
				CLANG_WARN_SUSPICIOUS_MOVE = YES;
				CLANG_WARN_UNGUARDED_AVAILABILITY = YES_AGGRESSIVE;
				CLANG_WARN_UNREACHABLE_CODE = YES;
				CLANG_WARN__DUPLICATE_METHOD_MATCH = YES;
				COPY_PHASE_STRIP = NO;
				DEBUG_INFORMATION_FORMAT = dwarf;
				ENABLE_STRICT_OBJC_MSGSEND = YES;
				ENABLE_TESTABILITY = YES;
				GCC_C_LANGUAGE_STANDARD = gnu11;
				GCC_DYNAMIC_NO_PIC = NO;
				GCC_NO_COMMON_BLOCKS = YES;
				GCC_OPTIMIZATION_LEVEL = 0;
				GCC_PREPROCESSOR_DEFINITIONS = (
					"DEBUG=1",
					"$(inherited)",
				);
				GCC_WARN_64_TO_32_BIT_CONVERSION = YES;
				GCC_WARN_ABOUT_RETURN_TYPE = YES_ERROR;
				GCC_WARN_UNDECLARED_SELECTOR = YES;
				GCC_WARN_UNINITIALIZED_AUTOS = YES_AGGRESSIVE;
				GCC_WARN_UNUSED_FUNCTION = YES;
				GCC_WARN_UNUSED_VARIABLE = YES;
				IPHONEOS_DEPLOYMENT_TARGET = 13.2;
				MTL_ENABLE_DEBUG_INFO = INCLUDE_SOURCE;
				MTL_FAST_MATH = YES;
				ONLY_ACTIVE_ARCH = YES;
				SDKROOT = iphoneos;
				SWIFT_ACTIVE_COMPILATION_CONDITIONS = DEBUG;
				SWIFT_OPTIMIZATION_LEVEL = "-Onone";
			};
			name = Debug;
		};
		F4710EAE2396F72000C9E5BC /* Release */ = {
			isa = XCBuildConfiguration;
			buildSettings = {
				ALWAYS_SEARCH_USER_PATHS = NO;
				CLANG_ANALYZER_NONNULL = YES;
				CLANG_ANALYZER_NUMBER_OBJECT_CONVERSION = YES_AGGRESSIVE;
				CLANG_CXX_LANGUAGE_STANDARD = "gnu++14";
				CLANG_CXX_LIBRARY = "libc++";
				CLANG_ENABLE_MODULES = YES;
				CLANG_ENABLE_OBJC_ARC = YES;
				CLANG_ENABLE_OBJC_WEAK = YES;
				CLANG_WARN_BLOCK_CAPTURE_AUTORELEASING = YES;
				CLANG_WARN_BOOL_CONVERSION = YES;
				CLANG_WARN_COMMA = YES;
				CLANG_WARN_CONSTANT_CONVERSION = YES;
				CLANG_WARN_DEPRECATED_OBJC_IMPLEMENTATIONS = YES;
				CLANG_WARN_DIRECT_OBJC_ISA_USAGE = YES_ERROR;
				CLANG_WARN_DOCUMENTATION_COMMENTS = YES;
				CLANG_WARN_EMPTY_BODY = YES;
				CLANG_WARN_ENUM_CONVERSION = YES;
				CLANG_WARN_INFINITE_RECURSION = YES;
				CLANG_WARN_INT_CONVERSION = YES;
				CLANG_WARN_NON_LITERAL_NULL_CONVERSION = YES;
				CLANG_WARN_OBJC_IMPLICIT_RETAIN_SELF = YES;
				CLANG_WARN_OBJC_LITERAL_CONVERSION = YES;
				CLANG_WARN_OBJC_ROOT_CLASS = YES_ERROR;
				CLANG_WARN_RANGE_LOOP_ANALYSIS = YES;
				CLANG_WARN_STRICT_PROTOTYPES = YES;
				CLANG_WARN_SUSPICIOUS_MOVE = YES;
				CLANG_WARN_UNGUARDED_AVAILABILITY = YES_AGGRESSIVE;
				CLANG_WARN_UNREACHABLE_CODE = YES;
				CLANG_WARN__DUPLICATE_METHOD_MATCH = YES;
				COPY_PHASE_STRIP = NO;
				DEBUG_INFORMATION_FORMAT = "dwarf-with-dsym";
				ENABLE_NS_ASSERTIONS = NO;
				ENABLE_STRICT_OBJC_MSGSEND = YES;
				GCC_C_LANGUAGE_STANDARD = gnu11;
				GCC_NO_COMMON_BLOCKS = YES;
				GCC_WARN_64_TO_32_BIT_CONVERSION = YES;
				GCC_WARN_ABOUT_RETURN_TYPE = YES_ERROR;
				GCC_WARN_UNDECLARED_SELECTOR = YES;
				GCC_WARN_UNINITIALIZED_AUTOS = YES_AGGRESSIVE;
				GCC_WARN_UNUSED_FUNCTION = YES;
				GCC_WARN_UNUSED_VARIABLE = YES;
				IPHONEOS_DEPLOYMENT_TARGET = 13.2;
				MTL_ENABLE_DEBUG_INFO = NO;
				MTL_FAST_MATH = YES;
				SDKROOT = iphoneos;
				SWIFT_COMPILATION_MODE = wholemodule;
				SWIFT_OPTIMIZATION_LEVEL = "-O";
				VALIDATE_PRODUCT = YES;
			};
			name = Release;
		};
		F4710EB02396F72000C9E5BC /* Debug */ = {
			isa = XCBuildConfiguration;
			buildSettings = {
				ASSETCATALOG_COMPILER_APPICON_NAME = AppIcon;
				CODE_SIGN_STYLE = Automatic;
				DEVELOPMENT_TEAM = 62A54T39XJ;
				INFOPLIST_FILE = "multiple Choice/Info.plist";
				LD_RUNPATH_SEARCH_PATHS = (
					"$(inherited)",
					"@executable_path/Frameworks",
				);
				PRODUCT_BUNDLE_IDENTIFIER = "Jesse-Zhang.multiple-Choice";
				PRODUCT_NAME = "$(TARGET_NAME)";
				SWIFT_VERSION = 5.0;
				TARGETED_DEVICE_FAMILY = "1,2";
			};
			name = Debug;
		};
		F4710EB12396F72000C9E5BC /* Release */ = {
			isa = XCBuildConfiguration;
			buildSettings = {
				ASSETCATALOG_COMPILER_APPICON_NAME = AppIcon;
				CODE_SIGN_STYLE = Automatic;
				DEVELOPMENT_TEAM = 62A54T39XJ;
				INFOPLIST_FILE = "multiple Choice/Info.plist";
				LD_RUNPATH_SEARCH_PATHS = (
					"$(inherited)",
					"@executable_path/Frameworks",
				);
				PRODUCT_BUNDLE_IDENTIFIER = "Jesse-Zhang.multiple-Choice";
				PRODUCT_NAME = "$(TARGET_NAME)";
				SWIFT_VERSION = 5.0;
				TARGETED_DEVICE_FAMILY = "1,2";
			};
			name = Release;
		};
/* End XCBuildConfiguration section */

/* Begin XCConfigurationList section */
		F4710E962396F71C00C9E5BC /* Build configuration list for PBXProject "multiple Choice" */ = {
			isa = XCConfigurationList;
			buildConfigurations = (
				F4710EAD2396F72000C9E5BC /* Debug */,
				F4710EAE2396F72000C9E5BC /* Release */,
			);
			defaultConfigurationIsVisible = 0;
			defaultConfigurationName = Release;
		};
		F4710EAF2396F72000C9E5BC /* Build configuration list for PBXNativeTarget "multiple Choice" */ = {
			isa = XCConfigurationList;
			buildConfigurations = (
				F4710EB02396F72000C9E5BC /* Debug */,
				F4710EB12396F72000C9E5BC /* Release */,
			);
			defaultConfigurationIsVisible = 0;
			defaultConfigurationName = Release;
		};
/* End XCConfigurationList section */
	};
	rootObject = F4710E932396F71C00C9E5BC /* Project object */;
}
